// !$*UTF8*$!
{
	archiveVersion = 1;
	classes = {
	};
	objectVersion = 56;
	objects = {

/* Begin PBXBuildFile section */
		3AC597562BF4D05C0092606C /* iOSDashboardAssessmentApp.swift in Sources */ = {isa = PBXBuildFile; fileRef = 3AC597552BF4D05C0092606C /* iOSDashboardAssessmentApp.swift */; };
		3AC597582BF4D05C0092606C /* ContentView.swift in Sources */ = {isa = PBXBuildFile; fileRef = 3AC597572BF4D05C0092606C /* ContentView.swift */; };
		3AC5975A2BF4D05D0092606C /* Assets.xcassets in Resources */ = {isa = PBXBuildFile; fileRef = 3AC597592BF4D05D0092606C /* Assets.xcassets */; };
		3AC5975D2BF4D05D0092606C /* Preview Assets.xcassets in Resources */ = {isa = PBXBuildFile; fileRef = 3AC5975C2BF4D05D0092606C /* Preview Assets.xcassets */; };
		3AC597672BF4D1040092606C /* SampleData in Frameworks */ = {isa = PBXBuildFile; productRef = 3AC597662BF4D1040092606C /* SampleData */; };
		8428CA222D1BDB500011829E /* DashboardView.swift in Sources */ = {isa = PBXBuildFile; fileRef = 8428CA212D1BDB4A0011829E /* DashboardView.swift */; };
		8428CA242D1C03580011829E /* ProfilecardView.swift in Sources */ = {isa = PBXBuildFile; fileRef = 8428CA232D1C03580011829E /* ProfilecardView.swift */; };
		8428CA272D1C170E0011829E /* ViewModel.swift in Sources */ = {isa = PBXBuildFile; fileRef = 8428CA262D1C170E0011829E /* ViewModel.swift */; };
		8428CA292D1C23E60011829E /* ProgressBarView'.swift in Sources */ = {isa = PBXBuildFile; fileRef = 8428CA282D1C23E60011829E /* ProgressBarView'.swift */; };
		8428CA2B2D1D23BD0011829E /* JobStatusCardView.swift in Sources */ = {isa = PBXBuildFile; fileRef = 8428CA2A2D1D23BD0011829E /* JobStatusCardView.swift */; };
		8428CA2D2D1D35860011829E /* InvoiceStatCardView.swift in Sources */ = {isa = PBXBuildFile; fileRef = 8428CA2C2D1D35860011829E /* InvoiceStatCardView.swift */; };
		8428CA2F2D1D6E080011829E /* StatusView.swift in Sources */ = {isa = PBXBuildFile; fileRef = 8428CA2E2D1D6E080011829E /* StatusView.swift */; };
		8428CA312D1D811E0011829E /* JobDetailCardView.swift in Sources */ = {isa = PBXBuildFile; fileRef = 8428CA302D1D811E0011829E /* JobDetailCardView.swift */; };
		8428CA342D1DA2600011829E /* Utility.swift in Sources */ = {isa = PBXBuildFile; fileRef = 8428CA332D1DA2600011829E /* Utility.swift */; };
		8428CA372D1DCA880011829E /* JobsView.swift in Sources */ = {isa = PBXBuildFile; fileRef = 8428CA362D1DCA880011829E /* JobsView.swift */; };
		8428CA3A2D1DCB5A0011829E /* StatusItemView.swift in Sources */ = {isa = PBXBuildFile; fileRef = 8428CA392D1DCB5A0011829E /* StatusItemView.swift */; };
/* End PBXBuildFile section */

/* Begin PBXFileReference section */
		3AC597522BF4D05C0092606C /* iOSDashboardAssessment.app */ = {isa = PBXFileReference; explicitFileType = wrapper.application; includeInIndex = 0; path = iOSDashboardAssessment.app; sourceTree = BUILT_PRODUCTS_DIR; };
		3AC597552BF4D05C0092606C /* iOSDashboardAssessmentApp.swift */ = {isa = PBXFileReference; lastKnownFileType = sourcecode.swift; path = iOSDashboardAssessmentApp.swift; sourceTree = "<group>"; };
		3AC597572BF4D05C0092606C /* ContentView.swift */ = {isa = PBXFileReference; lastKnownFileType = sourcecode.swift; path = ContentView.swift; sourceTree = "<group>"; };
		3AC597592BF4D05D0092606C /* Assets.xcassets */ = {isa = PBXFileReference; lastKnownFileType = folder.assetcatalog; path = Assets.xcassets; sourceTree = "<group>"; };
		3AC5975C2BF4D05D0092606C /* Preview Assets.xcassets */ = {isa = PBXFileReference; lastKnownFileType = folder.assetcatalog; path = "Preview Assets.xcassets"; sourceTree = "<group>"; };
		3AC597642BF4D0B40092606C /* SampleData */ = {isa = PBXFileReference; lastKnownFileType = wrapper; path = SampleData; sourceTree = "<group>"; };
		8428CA212D1BDB4A0011829E /* DashboardView.swift */ = {isa = PBXFileReference; lastKnownFileType = sourcecode.swift; path = DashboardView.swift; sourceTree = "<group>"; };
		8428CA232D1C03580011829E /* ProfilecardView.swift */ = {isa = PBXFileReference; lastKnownFileType = sourcecode.swift; path = ProfilecardView.swift; sourceTree = "<group>"; };
		8428CA262D1C170E0011829E /* ViewModel.swift */ = {isa = PBXFileReference; lastKnownFileType = sourcecode.swift; path = ViewModel.swift; sourceTree = "<group>"; };
		8428CA282D1C23E60011829E /* ProgressBarView'.swift */ = {isa = PBXFileReference; lastKnownFileType = sourcecode.swift; path = "ProgressBarView'.swift"; sourceTree = "<group>"; };
		8428CA2A2D1D23BD0011829E /* JobStatusCardView.swift */ = {isa = PBXFileReference; lastKnownFileType = sourcecode.swift; path = JobStatusCardView.swift; sourceTree = "<group>"; };
		8428CA2C2D1D35860011829E /* InvoiceStatCardView.swift */ = {isa = PBXFileReference; lastKnownFileType = sourcecode.swift; path = InvoiceStatCardView.swift; sourceTree = "<group>"; };
		8428CA2E2D1D6E080011829E /* StatusView.swift */ = {isa = PBXFileReference; lastKnownFileType = sourcecode.swift; path = StatusView.swift; sourceTree = "<group>"; };
		8428CA302D1D811E0011829E /* JobDetailCardView.swift */ = {isa = PBXFileReference; lastKnownFileType = sourcecode.swift; path = JobDetailCardView.swift; sourceTree = "<group>"; };
		8428CA332D1DA2600011829E /* Utility.swift */ = {isa = PBXFileReference; lastKnownFileType = sourcecode.swift; path = Utility.swift; sourceTree = "<group>"; };
		8428CA362D1DCA880011829E /* JobsView.swift */ = {isa = PBXFileReference; lastKnownFileType = sourcecode.swift; path = JobsView.swift; sourceTree = "<group>"; };
		8428CA392D1DCB5A0011829E /* StatusItemView.swift */ = {isa = PBXFileReference; lastKnownFileType = sourcecode.swift; path = StatusItemView.swift; sourceTree = "<group>"; };
/* End PBXFileReference section */

/* Begin PBXFrameworksBuildPhase section */
		3AC5974F2BF4D05C0092606C /* Frameworks */ = {
			isa = PBXFrameworksBuildPhase;
			buildActionMask = 2147483647;
			files = (
				3AC597672BF4D1040092606C /* SampleData in Frameworks */,
			);
			runOnlyForDeploymentPostprocessing = 0;
		};
/* End PBXFrameworksBuildPhase section */

/* Begin PBXGroup section */
		3AC597492BF4D05C0092606C = {
			isa = PBXGroup;
			children = (
				3AC597642BF4D0B40092606C /* SampleData */,
				3AC597542BF4D05C0092606C /* iOSDashboardAssessment */,
				3AC597532BF4D05C0092606C /* Products */,
				3AC597652BF4D1040092606C /* Frameworks */,
			);
			sourceTree = "<group>";
		};
		3AC597532BF4D05C0092606C /* Products */ = {
			isa = PBXGroup;
			children = (
				3AC597522BF4D05C0092606C /* iOSDashboardAssessment.app */,
			);
			name = Products;
			sourceTree = "<group>";
		};
		3AC597542BF4D05C0092606C /* iOSDashboardAssessment */ = {
			isa = PBXGroup;
			children = (
				8428CA322D1DA24D0011829E /* Utility */,
				3AC597552BF4D05C0092606C /* iOSDashboardAssessmentApp.swift */,
				3AC597572BF4D05C0092606C /* ContentView.swift */,
				8428CA252D1C16BF0011829E /* ViewModel */,
				8428CA202D1BDB4A0011829E /* View */,
				3AC597592BF4D05D0092606C /* Assets.xcassets */,
				3AC5975B2BF4D05D0092606C /* Preview Content */,
			);
			path = iOSDashboardAssessment;
			sourceTree = "<group>";
		};
		3AC5975B2BF4D05D0092606C /* Preview Content */ = {
			isa = PBXGroup;
			children = (
				3AC5975C2BF4D05D0092606C /* Preview Assets.xcassets */,
			);
			path = "Preview Content";
			sourceTree = "<group>";
		};
		3AC597652BF4D1040092606C /* Frameworks */ = {
			isa = PBXGroup;
			children = (
			);
			name = Frameworks;
			sourceTree = "<group>";
		};
		8428CA202D1BDB4A0011829E /* View */ = {
			isa = PBXGroup;
			children = (
				8428CA382D1DCB110011829E /* CustomViews */,
				8428CA352D1DCA6C0011829E /* ScreenView */,
			);
			path = View;
			sourceTree = "<group>";
		};
		8428CA252D1C16BF0011829E /* ViewModel */ = {
			isa = PBXGroup;
			children = (
				8428CA262D1C170E0011829E /* ViewModel.swift */,
			);
			path = ViewModel;
			sourceTree = "<group>";
		};
		8428CA322D1DA24D0011829E /* Utility */ = {
			isa = PBXGroup;
			children = (
				8428CA332D1DA2600011829E /* Utility.swift */,
			);
			path = Utility;
			sourceTree = "<group>";
		};
		8428CA352D1DCA6C0011829E /* ScreenView */ = {
			isa = PBXGroup;
			children = (
				8428CA212D1BDB4A0011829E /* DashboardView.swift */,
				8428CA362D1DCA880011829E /* JobsView.swift */,
			);
			path = ScreenView;
			sourceTree = "<group>";
		};
		8428CA382D1DCB110011829E /* CustomViews */ = {
			isa = PBXGroup;
			children = (
				8428CA232D1C03580011829E /* ProfilecardView.swift */,
				8428CA282D1C23E60011829E /* ProgressBarView'.swift */,
				8428CA2A2D1D23BD0011829E /* JobStatusCardView.swift */,
				8428CA2C2D1D35860011829E /* InvoiceStatCardView.swift */,
				8428CA2E2D1D6E080011829E /* StatusView.swift */,
				8428CA302D1D811E0011829E /* JobDetailCardView.swift */,
				8428CA392D1DCB5A0011829E /* StatusItemView.swift */,
			);
			path = CustomViews;
			sourceTree = "<group>";
		};
/* End PBXGroup section */

/* Begin PBXNativeTarget section */
		3AC597512BF4D05C0092606C /* iOSDashboardAssessment */ = {
			isa = PBXNativeTarget;
			buildConfigurationList = 3AC597602BF4D05D0092606C /* Build configuration list for PBXNativeTarget "iOSDashboardAssessment" */;
			buildPhases = (
				3AC5974E2BF4D05C0092606C /* Sources */,
				3AC5974F2BF4D05C0092606C /* Frameworks */,
				3AC597502BF4D05C0092606C /* Resources */,
			);
			buildRules = (
			);
			dependencies = (
			);
			name = iOSDashboardAssessment;
			packageProductDependencies = (
				3AC597662BF4D1040092606C /* SampleData */,
			);
			productName = iOSDashboardAssessment;
			productReference = 3AC597522BF4D05C0092606C /* iOSDashboardAssessment.app */;
			productType = "com.apple.product-type.application";
		};
/* End PBXNativeTarget section */

/* Begin PBXProject section */
		3AC5974A2BF4D05C0092606C /* Project object */ = {
			isa = PBXProject;
			attributes = {
				BuildIndependentTargetsInParallel = 1;
				LastSwiftUpdateCheck = 1510;
				LastUpgradeCheck = 1510;
				TargetAttributes = {
					3AC597512BF4D05C0092606C = {
						CreatedOnToolsVersion = 15.1;
					};
				};
			};
			buildConfigurationList = 3AC5974D2BF4D05C0092606C /* Build configuration list for PBXProject "iOSDashboardAssessment" */;
			compatibilityVersion = "Xcode 14.0";
			developmentRegion = en;
			hasScannedForEncodings = 0;
			knownRegions = (
				en,
				Base,
			);
			mainGroup = 3AC597492BF4D05C0092606C;
			productRefGroup = 3AC597532BF4D05C0092606C /* Products */;
			projectDirPath = "";
			projectRoot = "";
			targets = (
				3AC597512BF4D05C0092606C /* iOSDashboardAssessment */,
			);
		};
/* End PBXProject section */

/* Begin PBXResourcesBuildPhase section */
		3AC597502BF4D05C0092606C /* Resources */ = {
			isa = PBXResourcesBuildPhase;
			buildActionMask = 2147483647;
			files = (
				3AC5975D2BF4D05D0092606C /* Preview Assets.xcassets in Resources */,
				3AC5975A2BF4D05D0092606C /* Assets.xcassets in Resources */,
			);
			runOnlyForDeploymentPostprocessing = 0;
		};
/* End PBXResourcesBuildPhase section */

/* Begin PBXSourcesBuildPhase section */
		3AC5974E2BF4D05C0092606C /* Sources */ = {
			isa = PBXSourcesBuildPhase;
			buildActionMask = 2147483647;
			files = (
				8428CA2B2D1D23BD0011829E /* JobStatusCardView.swift in Sources */,
				8428CA272D1C170E0011829E /* ViewModel.swift in Sources */,
				8428CA372D1DCA880011829E /* JobsView.swift in Sources */,
				8428CA3A2D1DCB5A0011829E /* StatusItemView.swift in Sources */,
				8428CA2F2D1D6E080011829E /* StatusView.swift in Sources */,
				8428CA342D1DA2600011829E /* Utility.swift in Sources */,
				8428CA2D2D1D35860011829E /* InvoiceStatCardView.swift in Sources */,
				3AC597582BF4D05C0092606C /* ContentView.swift in Sources */,
				8428CA312D1D811E0011829E /* JobDetailCardView.swift in Sources */,
				8428CA222D1BDB500011829E /* DashboardView.swift in Sources */,
				8428CA242D1C03580011829E /* ProfilecardView.swift in Sources */,
				3AC597562BF4D05C0092606C /* iOSDashboardAssessmentApp.swift in Sources */,
				8428CA292D1C23E60011829E /* ProgressBarView'.swift in Sources */,
			);
			runOnlyForDeploymentPostprocessing = 0;
		};
/* End PBXSourcesBuildPhase section */

/* Begin XCBuildConfiguration section */
		3AC5975E2BF4D05D0092606C /* Debug */ = {
			isa = XCBuildConfiguration;
			buildSettings = {
				ALWAYS_SEARCH_USER_PATHS = NO;
				ASSETCATALOG_COMPILER_GENERATE_SWIFT_ASSET_SYMBOL_EXTENSIONS = YES;
				CLANG_ANALYZER_NONNULL = YES;
				CLANG_ANALYZER_NUMBER_OBJECT_CONVERSION = YES_AGGRESSIVE;
				CLANG_CXX_LANGUAGE_STANDARD = "gnu++20";
				CLANG_ENABLE_MODULES = YES;
				CLANG_ENABLE_OBJC_ARC = YES;
				CLANG_ENABLE_OBJC_WEAK = YES;
				CLANG_WARN_BLOCK_CAPTURE_AUTORELEASING = YES;
				CLANG_WARN_BOOL_CONVERSION = YES;
				CLANG_WARN_COMMA = YES;
				CLANG_WARN_CONSTANT_CONVERSION = YES;
				CLANG_WARN_DEPRECATED_OBJC_IMPLEMENTATIONS = YES;
				CLANG_WARN_DIRECT_OBJC_ISA_USAGE = YES_ERROR;
				CLANG_WARN_DOCUMENTATION_COMMENTS = YES;
				CLANG_WARN_EMPTY_BODY = YES;
				CLANG_WARN_ENUM_CONVERSION = YES;
				CLANG_WARN_INFINITE_RECURSION = YES;
				CLANG_WARN_INT_CONVERSION = YES;
				CLANG_WARN_NON_LITERAL_NULL_CONVERSION = YES;
				CLANG_WARN_OBJC_IMPLICIT_RETAIN_SELF = YES;
				CLANG_WARN_OBJC_LITERAL_CONVERSION = YES;
				CLANG_WARN_OBJC_ROOT_CLASS = YES_ERROR;
				CLANG_WARN_QUOTED_INCLUDE_IN_FRAMEWORK_HEADER = YES;
				CLANG_WARN_RANGE_LOOP_ANALYSIS = YES;
				CLANG_WARN_STRICT_PROTOTYPES = YES;
				CLANG_WARN_SUSPICIOUS_MOVE = YES;
				CLANG_WARN_UNGUARDED_AVAILABILITY = YES_AGGRESSIVE;
				CLANG_WARN_UNREACHABLE_CODE = YES;
				CLANG_WARN__DUPLICATE_METHOD_MATCH = YES;
				COPY_PHASE_STRIP = NO;
				DEBUG_INFORMATION_FORMAT = dwarf;
				ENABLE_STRICT_OBJC_MSGSEND = YES;
				ENABLE_TESTABILITY = YES;
				ENABLE_USER_SCRIPT_SANDBOXING = YES;
				GCC_C_LANGUAGE_STANDARD = gnu17;
				GCC_DYNAMIC_NO_PIC = NO;
				GCC_NO_COMMON_BLOCKS = YES;
				GCC_OPTIMIZATION_LEVEL = 0;
				GCC_PREPROCESSOR_DEFINITIONS = (
					"DEBUG=1",
					"$(inherited)",
				);
				GCC_WARN_64_TO_32_BIT_CONVERSION = YES;
				GCC_WARN_ABOUT_RETURN_TYPE = YES_ERROR;
				GCC_WARN_UNDECLARED_SELECTOR = YES;
				GCC_WARN_UNINITIALIZED_AUTOS = YES_AGGRESSIVE;
				GCC_WARN_UNUSED_FUNCTION = YES;
				GCC_WARN_UNUSED_VARIABLE = YES;
				IPHONEOS_DEPLOYMENT_TARGET = 16.0;
				LOCALIZATION_PREFERS_STRING_CATALOGS = YES;
				MTL_ENABLE_DEBUG_INFO = INCLUDE_SOURCE;
				MTL_FAST_MATH = YES;
				ONLY_ACTIVE_ARCH = YES;
				SDKROOT = iphoneos;
				SWIFT_ACTIVE_COMPILATION_CONDITIONS = "DEBUG $(inherited)";
				SWIFT_OPTIMIZATION_LEVEL = "-Onone";
			};
			name = Debug;
		};
		3AC5975F2BF4D05D0092606C /* Release */ = {
			isa = XCBuildConfiguration;
			buildSettings = {
				ALWAYS_SEARCH_USER_PATHS = NO;
				ASSETCATALOG_COMPILER_GENERATE_SWIFT_ASSET_SYMBOL_EXTENSIONS = YES;
				CLANG_ANALYZER_NONNULL = YES;
				CLANG_ANALYZER_NUMBER_OBJECT_CONVERSION = YES_AGGRESSIVE;
				CLANG_CXX_LANGUAGE_STANDARD = "gnu++20";
				CLANG_ENABLE_MODULES = YES;
				CLANG_ENABLE_OBJC_ARC = YES;
				CLANG_ENABLE_OBJC_WEAK = YES;
				CLANG_WARN_BLOCK_CAPTURE_AUTORELEASING = YES;
				CLANG_WARN_BOOL_CONVERSION = YES;
				CLANG_WARN_COMMA = YES;
				CLANG_WARN_CONSTANT_CONVERSION = YES;
				CLANG_WARN_DEPRECATED_OBJC_IMPLEMENTATIONS = YES;
				CLANG_WARN_DIRECT_OBJC_ISA_USAGE = YES_ERROR;
				CLANG_WARN_DOCUMENTATION_COMMENTS = YES;
				CLANG_WARN_EMPTY_BODY = YES;
				CLANG_WARN_ENUM_CONVERSION = YES;
				CLANG_WARN_INFINITE_RECURSION = YES;
				CLANG_WARN_INT_CONVERSION = YES;
				CLANG_WARN_NON_LITERAL_NULL_CONVERSION = YES;
				CLANG_WARN_OBJC_IMPLICIT_RETAIN_SELF = YES;
				CLANG_WARN_OBJC_LITERAL_CONVERSION = YES;
				CLANG_WARN_OBJC_ROOT_CLASS = YES_ERROR;
				CLANG_WARN_QUOTED_INCLUDE_IN_FRAMEWORK_HEADER = YES;
				CLANG_WARN_RANGE_LOOP_ANALYSIS = YES;
				CLANG_WARN_STRICT_PROTOTYPES = YES;
				CLANG_WARN_SUSPICIOUS_MOVE = YES;
				CLANG_WARN_UNGUARDED_AVAILABILITY = YES_AGGRESSIVE;
				CLANG_WARN_UNREACHABLE_CODE = YES;
				CLANG_WARN__DUPLICATE_METHOD_MATCH = YES;
				COPY_PHASE_STRIP = NO;
				DEBUG_INFORMATION_FORMAT = "dwarf-with-dsym";
				ENABLE_NS_ASSERTIONS = NO;
				ENABLE_STRICT_OBJC_MSGSEND = YES;
				ENABLE_USER_SCRIPT_SANDBOXING = YES;
				GCC_C_LANGUAGE_STANDARD = gnu17;
				GCC_NO_COMMON_BLOCKS = YES;
				GCC_WARN_64_TO_32_BIT_CONVERSION = YES;
				GCC_WARN_ABOUT_RETURN_TYPE = YES_ERROR;
				GCC_WARN_UNDECLARED_SELECTOR = YES;
				GCC_WARN_UNINITIALIZED_AUTOS = YES_AGGRESSIVE;
				GCC_WARN_UNUSED_FUNCTION = YES;
				GCC_WARN_UNUSED_VARIABLE = YES;
				IPHONEOS_DEPLOYMENT_TARGET = 16.0;
				LOCALIZATION_PREFERS_STRING_CATALOGS = YES;
				MTL_ENABLE_DEBUG_INFO = NO;
				MTL_FAST_MATH = YES;
				SDKROOT = iphoneos;
				SWIFT_COMPILATION_MODE = wholemodule;
				VALIDATE_PRODUCT = YES;
			};
			name = Release;
		};
		3AC597612BF4D05D0092606C /* Debug */ = {
			isa = XCBuildConfiguration;
			buildSettings = {
				ASSETCATALOG_COMPILER_APPICON_NAME = AppIcon;
				ASSETCATALOG_COMPILER_GLOBAL_ACCENT_COLOR_NAME = AccentColor;
				CODE_SIGN_STYLE = Automatic;
				CURRENT_PROJECT_VERSION = 1;
				DEVELOPMENT_ASSET_PATHS = "\"iOSDashboardAssessment/Preview Content\"";
				ENABLE_PREVIEWS = YES;
				GENERATE_INFOPLIST_FILE = YES;
				INFOPLIST_KEY_UIApplicationSceneManifest_Generation = YES;
				INFOPLIST_KEY_UIApplicationSupportsIndirectInputEvents = YES;
				INFOPLIST_KEY_UILaunchScreen_Generation = YES;
				INFOPLIST_KEY_UISupportedInterfaceOrientations_iPad = "UIInterfaceOrientationPortrait UIInterfaceOrientationPortraitUpsideDown UIInterfaceOrientationLandscapeLeft UIInterfaceOrientationLandscapeRight";
				INFOPLIST_KEY_UISupportedInterfaceOrientations_iPhone = "UIInterfaceOrientationPortrait UIInterfaceOrientationLandscapeLeft UIInterfaceOrientationLandscapeRight";
				IPHONEOS_DEPLOYMENT_TARGET = 16.0;
				LD_RUNPATH_SEARCH_PATHS = (
					"$(inherited)",
					"@executable_path/Frameworks",
				);
				MARKETING_VERSION = 1.0;
				PRODUCT_BUNDLE_IDENTIFIER = zuper.com.iOSDashboardAssessment;
				PRODUCT_NAME = "$(TARGET_NAME)";
				SWIFT_EMIT_LOC_STRINGS = YES;
				SWIFT_VERSION = 5.0;
				TARGETED_DEVICE_FAMILY = "1,2";
			};
			name = Debug;
		};
		3AC597622BF4D05D0092606C /* Release */ = {
			isa = XCBuildConfiguration;
			buildSettings = {
				ASSETCATALOG_COMPILER_APPICON_NAME = AppIcon;
				ASSETCATALOG_COMPILER_GLOBAL_ACCENT_COLOR_NAME = AccentColor;
				CODE_SIGN_STYLE = Automatic;
				CURRENT_PROJECT_VERSION = 1;
				DEVELOPMENT_ASSET_PATHS = "\"iOSDashboardAssessment/Preview Content\"";
				ENABLE_PREVIEWS = YES;
				GENERATE_INFOPLIST_FILE = YES;
				INFOPLIST_KEY_UIApplicationSceneManifest_Generation = YES;
				INFOPLIST_KEY_UIApplicationSupportsIndirectInputEvents = YES;
				INFOPLIST_KEY_UILaunchScreen_Generation = YES;
				INFOPLIST_KEY_UISupportedInterfaceOrientations_iPad = "UIInterfaceOrientationPortrait UIInterfaceOrientationPortraitUpsideDown UIInterfaceOrientationLandscapeLeft UIInterfaceOrientationLandscapeRight";
				INFOPLIST_KEY_UISupportedInterfaceOrientations_iPhone = "UIInterfaceOrientationPortrait UIInterfaceOrientationLandscapeLeft UIInterfaceOrientationLandscapeRight";
				IPHONEOS_DEPLOYMENT_TARGET = 16.0;
				LD_RUNPATH_SEARCH_PATHS = (
					"$(inherited)",
					"@executable_path/Frameworks",
				);
				MARKETING_VERSION = 1.0;
				PRODUCT_BUNDLE_IDENTIFIER = zuper.com.iOSDashboardAssessment;
				PRODUCT_NAME = "$(TARGET_NAME)";
				SWIFT_EMIT_LOC_STRINGS = YES;
				SWIFT_VERSION = 5.0;
				TARGETED_DEVICE_FAMILY = "1,2";
			};
			name = Release;
		};
/* End XCBuildConfiguration section */

/* Begin XCConfigurationList section */
		3AC5974D2BF4D05C0092606C /* Build configuration list for PBXProject "iOSDashboardAssessment" */ = {
			isa = XCConfigurationList;
			buildConfigurations = (
				3AC5975E2BF4D05D0092606C /* Debug */,
				3AC5975F2BF4D05D0092606C /* Release */,
			);
			defaultConfigurationIsVisible = 0;
			defaultConfigurationName = Release;
		};
		3AC597602BF4D05D0092606C /* Build configuration list for PBXNativeTarget "iOSDashboardAssessment" */ = {
			isa = XCConfigurationList;
			buildConfigurations = (
				3AC597612BF4D05D0092606C /* Debug */,
				3AC597622BF4D05D0092606C /* Release */,
			);
			defaultConfigurationIsVisible = 0;
			defaultConfigurationName = Release;
		};
/* End XCConfigurationList section */

/* Begin XCSwiftPackageProductDependency section */
		3AC597662BF4D1040092606C /* SampleData */ = {
			isa = XCSwiftPackageProductDependency;
			productName = SampleData;
		};
/* End XCSwiftPackageProductDependency section */
	};
	rootObject = 3AC5974A2BF4D05C0092606C /* Project object */;
}
